
Microsoft Visual Studio Solution File, Format Version 12.00
# Visual Studio Version 16
VisualStudioVersion = 16.0.29728.190
MinimumVisualStudioVersion = 10.0.40219.1
Project("{FAE04EC0-301F-11D3-BF4B-00C04F79EFBC}") = "Hahuregistration form final", "Hahuregistration form final\Hahuregistration form final.csproj", "{9BA8980C-B578-4B3F-BD73-F0134715CB4F}"
EndProject
Global
	GlobalSection(SolutionConfigurationPlatforms) = preSolution
		Debug|Any CPU = Debug|Any CPU
		Release|Any CPU = Release|Any CPU
	EndGlobalSection
	GlobalSection(ProjectConfigurationPlatforms) = postSolution
		{9BA8980C-B578-4B3F-BD73-F0134715CB4F}.Debug|Any CPU.ActiveCfg = Debug|Any CPU
		{9BA8980C-B578-4B3F-BD73-F0134715CB4F}.Debug|Any CPU.Build.0 = Debug|Any CPU
		{9BA8980C-B578-4B3F-BD73-F0134715CB4F}.Release|Any CPU.ActiveCfg = Release|Any CPU
		{9BA8980C-B578-4B3F-BD73-F0134715CB4F}.Release|Any CPU.Build.0 = Release|Any CPU
	EndGlobalSection
	GlobalSection(SolutionProperties) = preSolution
		HideSolutionNode = FALSE
	EndGlobalSection
	GlobalSection(ExtensibilityGlobals) = postSolution
		SolutionGuid = {6A5512C6-7838-4081-8EC0-5377D333A993}
	EndGlobalSection
EndGlobal
